
Microsoft Visual Studio Solution File, Format Version 12.00
# Visual Studio 14
VisualStudioVersion = 14.0.25420.1
MinimumVisualStudioVersion = 10.0.40219.1
Project("{F184B08F-C81C-45F6-A57F-5ABD9991F28F}") = "MainApp", "MainApp\MainApp.vbproj", "{44D43BF1-E9FB-4E5A-A016-6B48657964BF}"
EndProject
Global
	GlobalSection(SolutionConfigurationPlatforms) = preSolution
		Debug|Any CPU = Debug|Any CPU
		Release|Any CPU = Release|Any CPU
	EndGlobalSection
	GlobalSection(ProjectConfigurationPlatforms) = postSolution
		{44D43BF1-E9FB-4E5A-A016-6B48657964BF}.Debug|Any CPU.ActiveCfg = Debug|Any CPU
		{44D43BF1-E9FB-4E5A-A016-6B48657964BF}.Debug|Any CPU.Build.0 = Debug|Any CPU
		{44D43BF1-E9FB-4E5A-A016-6B48657964BF}.Release|Any CPU.ActiveCfg = Release|Any CPU
		{44D43BF1-E9FB-4E5A-A016-6B48657964BF}.Release|Any CPU.Build.0 = Release|Any CPU
	EndGlobalSection
	GlobalSection(SolutionProperties) = preSolution
		HideSolutionNode = FALSE
	EndGlobalSection
EndGlobal
